<Solution>
  <Folder Name="/Solution Items/">
    <File Path=".github/workflows/dotnet.yml" />
    <File Path=".gitignore" />
    <File Path="Directory.Build.props" />
    <File Path="Directory.Packages.props" />
    <File Path="README.md" />
  </Folder>
  <Project Path="CawkEmulatorV4.Fuzzing/CawkEmulatorV4.Fuzzing.csproj" Id="4caeff0b-08d9-42fa-a48f-92f10b951fcb" />
  <Project Path="CawkEmulatorV4/CawkEmulatorV4.csproj" Id="377d5e82-8619-4db9-aeb8-d3b608484644" />
</Solution>
